
Microsoft Visual Studio Solution File, Format Version 12.00
# Visual Studio Version 17
VisualStudioVersion = 17.9.34902.65
MinimumVisualStudioVersion = 10.0.40219.1
Project("{FAE04EC0-301F-11D3-BF4B-00C04F79EFBC}") = "project", "project\project.csproj", "{9CF69393-B690-4159-8E06-23F168CEA0C5}"
EndProject
Project("{FAE04EC0-301F-11D3-BF4B-00C04F79EFBC}") = "ConsoleApp1", "..\..\..\..\..\.Net Course\ConsoleApp1\ConsoleApp1.csproj", "{8005BC99-4F79-46A8-9681-D213841AF0A8}"
EndProject
Global
	GlobalSection(SolutionConfigurationPlatforms) = preSolution
		Debug|Any CPU = Debug|Any CPU
		Release|Any CPU = Release|Any CPU
	EndGlobalSection
	GlobalSection(ProjectConfigurationPlatforms) = postSolution
		{9CF69393-B690-4159-8E06-23F168CEA0C5}.Debug|Any CPU.ActiveCfg = Debug|Any CPU
		{9CF69393-B690-4159-8E06-23F168CEA0C5}.Debug|Any CPU.Build.0 = Debug|Any CPU
		{9CF69393-B690-4159-8E06-23F168CEA0C5}.Release|Any CPU.ActiveCfg = Release|Any CPU
		{9CF69393-B690-4159-8E06-23F168CEA0C5}.Release|Any CPU.Build.0 = Release|Any CPU
		{8005BC99-4F79-46A8-9681-D213841AF0A8}.Debug|Any CPU.ActiveCfg = Debug|Any CPU
		{8005BC99-4F79-46A8-9681-D213841AF0A8}.Debug|Any CPU.Build.0 = Debug|Any CPU
		{8005BC99-4F79-46A8-9681-D213841AF0A8}.Release|Any CPU.ActiveCfg = Release|Any CPU
		{8005BC99-4F79-46A8-9681-D213841AF0A8}.Release|Any CPU.Build.0 = Release|Any CPU
	EndGlobalSection
	GlobalSection(SolutionProperties) = preSolution
		HideSolutionNode = FALSE
	EndGlobalSection
	GlobalSection(ExtensibilityGlobals) = postSolution
		SolutionGuid = {D78A995D-FBC6-409F-8461-B92A4CE1D956}
	EndGlobalSection
EndGlobal
